// !$*UTF8*$!
{
	archiveVersion = 1;
	classes = {
	};
	objectVersion = 51;
	objects = {

/* Begin PBXBuildFile section */
		5A0CA97141149AF58CF38B23 /* Pods_FlixterTests.framework in Frameworks */ = {isa = PBXBuildFile; fileRef = DBC47EF7DCB286D857862E6E /* Pods_FlixterTests.framework */; };
		6D6CBE30F03D3C56140C01E0 /* Pods_Flixter.framework in Frameworks */ = {isa = PBXBuildFile; fileRef = B5DCA19A721AFDFCC6AAA427 /* Pods_Flixter.framework */; };
		C90EE2F46AA07A5FA957C338 /* Pods_Flixter_FlixterUITests.framework in Frameworks */ = {isa = PBXBuildFile; fileRef = 5E399DDF174EFE3DFC7714D8 /* Pods_Flixter_FlixterUITests.framework */; };
		E625946925E3060900508D4D /* MovieDetailsViewController.swift in Sources */ = {isa = PBXBuildFile; fileRef = E625946825E3060900508D4D /* MovieDetailsViewController.swift */; };
		E625946E25E34E2900508D4D /* MovieGridViewController.swift in Sources */ = {isa = PBXBuildFile; fileRef = E625946D25E34E2900508D4D /* MovieGridViewController.swift */; };
		E625947325E353B300508D4D /* MovieGridCell.swift in Sources */ = {isa = PBXBuildFile; fileRef = E625947225E353B300508D4D /* MovieGridCell.swift */; };
		E6892EE925CE7E34001954D2 /* AppDelegate.swift in Sources */ = {isa = PBXBuildFile; fileRef = E6892EE825CE7E34001954D2 /* AppDelegate.swift */; };
		E6892EEB25CE7E34001954D2 /* SceneDelegate.swift in Sources */ = {isa = PBXBuildFile; fileRef = E6892EEA25CE7E34001954D2 /* SceneDelegate.swift */; };
		E6892EF025CE7E34001954D2 /* Main.storyboard in Resources */ = {isa = PBXBuildFile; fileRef = E6892EEE25CE7E34001954D2 /* Main.storyboard */; };
		E6892EF225CE7E36001954D2 /* Assets.xcassets in Resources */ = {isa = PBXBuildFile; fileRef = E6892EF125CE7E36001954D2 /* Assets.xcassets */; };
		E6892EF525CE7E36001954D2 /* LaunchScreen.storyboard in Resources */ = {isa = PBXBuildFile; fileRef = E6892EF325CE7E36001954D2 /* LaunchScreen.storyboard */; };
		E6892F0025CE7E36001954D2 /* FlixterTests.swift in Sources */ = {isa = PBXBuildFile; fileRef = E6892EFF25CE7E36001954D2 /* FlixterTests.swift */; };
		E6892F0B25CE7E37001954D2 /* FlixterUITests.swift in Sources */ = {isa = PBXBuildFile; fileRef = E6892F0A25CE7E37001954D2 /* FlixterUITests.swift */; };
		E6892F1C25CF6019001954D2 /* MoviesViewController.swift in Sources */ = {isa = PBXBuildFile; fileRef = E6892F1B25CF6019001954D2 /* MoviesViewController.swift */; };
		E6892F2425CF7D82001954D2 /* MovieCell.swift in Sources */ = {isa = PBXBuildFile; fileRef = E6892F2325CF7D82001954D2 /* MovieCell.swift */; };
/* End PBXBuildFile section */

/* Begin PBXContainerItemProxy section */
		E6892EFC25CE7E36001954D2 /* PBXContainerItemProxy */ = {
			isa = PBXContainerItemProxy;
			containerPortal = E6892EDD25CE7E34001954D2 /* Project object */;
			proxyType = 1;
			remoteGlobalIDString = E6892EE425CE7E34001954D2;
			remoteInfo = Flixter;
		};
		E6892F0725CE7E37001954D2 /* PBXContainerItemProxy */ = {
			isa = PBXContainerItemProxy;
			containerPortal = E6892EDD25CE7E34001954D2 /* Project object */;
			proxyType = 1;
			remoteGlobalIDString = E6892EE425CE7E34001954D2;
			remoteInfo = Flixter;
		};
/* End PBXContainerItemProxy section */

/* Begin PBXFileReference section */
		155BF973B3A68276740CA076 /* Pods-Flixter.debug.xcconfig */ = {isa = PBXFileReference; includeInIndex = 1; lastKnownFileType = text.xcconfig; name = "Pods-Flixter.debug.xcconfig"; path = "Target Support Files/Pods-Flixter/Pods-Flixter.debug.xcconfig"; sourceTree = "<group>"; };
		444F1C2D0AA96AE8D30F225A /* Pods-Flixter-FlixterUITests.debug.xcconfig */ = {isa = PBXFileReference; includeInIndex = 1; lastKnownFileType = text.xcconfig; name = "Pods-Flixter-FlixterUITests.debug.xcconfig"; path = "Target Support Files/Pods-Flixter-FlixterUITests/Pods-Flixter-FlixterUITests.debug.xcconfig"; sourceTree = "<group>"; };
		5E399DDF174EFE3DFC7714D8 /* Pods_Flixter_FlixterUITests.framework */ = {isa = PBXFileReference; explicitFileType = wrapper.framework; includeInIndex = 0; path = Pods_Flixter_FlixterUITests.framework; sourceTree = BUILT_PRODUCTS_DIR; };
		6C6D31FD1ADC70D8801CA00A /* Pods-FlixterTests.debug.xcconfig */ = {isa = PBXFileReference; includeInIndex = 1; lastKnownFileType = text.xcconfig; name = "Pods-FlixterTests.debug.xcconfig"; path = "Target Support Files/Pods-FlixterTests/Pods-FlixterTests.debug.xcconfig"; sourceTree = "<group>"; };
		ACD32462D8336F8DBFFA80DF /* Pods-Flixter.release.xcconfig */ = {isa = PBXFileReference; includeInIndex = 1; lastKnownFileType = text.xcconfig; name = "Pods-Flixter.release.xcconfig"; path = "Target Support Files/Pods-Flixter/Pods-Flixter.release.xcconfig"; sourceTree = "<group>"; };
		B43800A3FD154F7264319D0B /* Pods-FlixterTests.release.xcconfig */ = {isa = PBXFileReference; includeInIndex = 1; lastKnownFileType = text.xcconfig; name = "Pods-FlixterTests.release.xcconfig"; path = "Target Support Files/Pods-FlixterTests/Pods-FlixterTests.release.xcconfig"; sourceTree = "<group>"; };
		B5DCA19A721AFDFCC6AAA427 /* Pods_Flixter.framework */ = {isa = PBXFileReference; explicitFileType = wrapper.framework; includeInIndex = 0; path = Pods_Flixter.framework; sourceTree = BUILT_PRODUCTS_DIR; };
		DBC47EF7DCB286D857862E6E /* Pods_FlixterTests.framework */ = {isa = PBXFileReference; explicitFileType = wrapper.framework; includeInIndex = 0; path = Pods_FlixterTests.framework; sourceTree = BUILT_PRODUCTS_DIR; };
		DF69116466CA0D2C19948FD1 /* Pods-Flixter-FlixterUITests.release.xcconfig */ = {isa = PBXFileReference; includeInIndex = 1; lastKnownFileType = text.xcconfig; name = "Pods-Flixter-FlixterUITests.release.xcconfig"; path = "Target Support Files/Pods-Flixter-FlixterUITests/Pods-Flixter-FlixterUITests.release.xcconfig"; sourceTree = "<group>"; };
		E625946825E3060900508D4D /* MovieDetailsViewController.swift */ = {isa = PBXFileReference; lastKnownFileType = sourcecode.swift; path = MovieDetailsViewController.swift; sourceTree = "<group>"; };
		E625946D25E34E2900508D4D /* MovieGridViewController.swift */ = {isa = PBXFileReference; lastKnownFileType = sourcecode.swift; path = MovieGridViewController.swift; sourceTree = "<group>"; };
		E625947225E353B300508D4D /* MovieGridCell.swift */ = {isa = PBXFileReference; lastKnownFileType = sourcecode.swift; path = MovieGridCell.swift; sourceTree = "<group>"; };
		E6892EE525CE7E34001954D2 /* Flixter.app */ = {isa = PBXFileReference; explicitFileType = wrapper.application; includeInIndex = 0; path = Flixter.app; sourceTree = BUILT_PRODUCTS_DIR; };
		E6892EE825CE7E34001954D2 /* AppDelegate.swift */ = {isa = PBXFileReference; lastKnownFileType = sourcecode.swift; path = AppDelegate.swift; sourceTree = "<group>"; };
		E6892EEA25CE7E34001954D2 /* SceneDelegate.swift */ = {isa = PBXFileReference; lastKnownFileType = sourcecode.swift; path = SceneDelegate.swift; sourceTree = "<group>"; };
		E6892EEF25CE7E34001954D2 /* Base */ = {isa = PBXFileReference; lastKnownFileType = file.storyboard; name = Base; path = Base.lproj/Main.storyboard; sourceTree = "<group>"; };
		E6892EF125CE7E36001954D2 /* Assets.xcassets */ = {isa = PBXFileReference; lastKnownFileType = folder.assetcatalog; path = Assets.xcassets; sourceTree = "<group>"; };
		E6892EF425CE7E36001954D2 /* Base */ = {isa = PBXFileReference; lastKnownFileType = file.storyboard; name = Base; path = Base.lproj/LaunchScreen.storyboard; sourceTree = "<group>"; };
		E6892EF625CE7E36001954D2 /* Info.plist */ = {isa = PBXFileReference; lastKnownFileType = text.plist.xml; path = Info.plist; sourceTree = "<group>"; };
		E6892EFB25CE7E36001954D2 /* FlixterTests.xctest */ = {isa = PBXFileReference; explicitFileType = wrapper.cfbundle; includeInIndex = 0; path = FlixterTests.xctest; sourceTree = BUILT_PRODUCTS_DIR; };
		E6892EFF25CE7E36001954D2 /* FlixterTests.swift */ = {isa = PBXFileReference; lastKnownFileType = sourcecode.swift; path = FlixterTests.swift; sourceTree = "<group>"; };
		E6892F0125CE7E36001954D2 /* Info.plist */ = {isa = PBXFileReference; lastKnownFileType = text.plist.xml; path = Info.plist; sourceTree = "<group>"; };
		E6892F0625CE7E37001954D2 /* FlixterUITests.xctest */ = {isa = PBXFileReference; explicitFileType = wrapper.cfbundle; includeInIndex = 0; path = FlixterUITests.xctest; sourceTree = BUILT_PRODUCTS_DIR; };
		E6892F0A25CE7E37001954D2 /* FlixterUITests.swift */ = {isa = PBXFileReference; lastKnownFileType = sourcecode.swift; path = FlixterUITests.swift; sourceTree = "<group>"; };
		E6892F0C25CE7E37001954D2 /* Info.plist */ = {isa = PBXFileReference; lastKnownFileType = text.plist.xml; path = Info.plist; sourceTree = "<group>"; };
		E6892F1B25CF6019001954D2 /* MoviesViewController.swift */ = {isa = PBXFileReference; lastKnownFileType = sourcecode.swift; path = MoviesViewController.swift; sourceTree = "<group>"; };
		E6892F2325CF7D82001954D2 /* MovieCell.swift */ = {isa = PBXFileReference; lastKnownFileType = sourcecode.swift; path = MovieCell.swift; sourceTree = "<group>"; };
/* End PBXFileReference section */

/* Begin PBXFrameworksBuildPhase section */
		E6892EE225CE7E34001954D2 /* Frameworks */ = {
			isa = PBXFrameworksBuildPhase;
			buildActionMask = 2147483647;
			files = (
				6D6CBE30F03D3C56140C01E0 /* Pods_Flixter.framework in Frameworks */,
			);
			runOnlyForDeploymentPostprocessing = 0;
		};
		E6892EF825CE7E36001954D2 /* Frameworks */ = {
			isa = PBXFrameworksBuildPhase;
			buildActionMask = 2147483647;
			files = (
				5A0CA97141149AF58CF38B23 /* Pods_FlixterTests.framework in Frameworks */,
			);
			runOnlyForDeploymentPostprocessing = 0;
		};
		E6892F0325CE7E37001954D2 /* Frameworks */ = {
			isa = PBXFrameworksBuildPhase;
			buildActionMask = 2147483647;
			files = (
				C90EE2F46AA07A5FA957C338 /* Pods_Flixter_FlixterUITests.framework in Frameworks */,
			);
			runOnlyForDeploymentPostprocessing = 0;
		};
/* End PBXFrameworksBuildPhase section */

/* Begin PBXGroup section */
		B9222F4A2879930A5755A914 /* Pods */ = {
			isa = PBXGroup;
			children = (
				155BF973B3A68276740CA076 /* Pods-Flixter.debug.xcconfig */,
				ACD32462D8336F8DBFFA80DF /* Pods-Flixter.release.xcconfig */,
				444F1C2D0AA96AE8D30F225A /* Pods-Flixter-FlixterUITests.debug.xcconfig */,
				DF69116466CA0D2C19948FD1 /* Pods-Flixter-FlixterUITests.release.xcconfig */,
				6C6D31FD1ADC70D8801CA00A /* Pods-FlixterTests.debug.xcconfig */,
				B43800A3FD154F7264319D0B /* Pods-FlixterTests.release.xcconfig */,
			);
			path = Pods;
			sourceTree = "<group>";
		};
		C378E7CA5D7FA875D9EAAB58 /* Frameworks */ = {
			isa = PBXGroup;
			children = (
				B5DCA19A721AFDFCC6AAA427 /* Pods_Flixter.framework */,
				5E399DDF174EFE3DFC7714D8 /* Pods_Flixter_FlixterUITests.framework */,
				DBC47EF7DCB286D857862E6E /* Pods_FlixterTests.framework */,
			);
			name = Frameworks;
			sourceTree = "<group>";
		};
		E6892EDC25CE7E34001954D2 = {
			isa = PBXGroup;
			children = (
				E6892EE725CE7E34001954D2 /* Flixter */,
				E6892EFE25CE7E36001954D2 /* FlixterTests */,
				E6892F0925CE7E37001954D2 /* FlixterUITests */,
				E6892EE625CE7E34001954D2 /* Products */,
				B9222F4A2879930A5755A914 /* Pods */,
				C378E7CA5D7FA875D9EAAB58 /* Frameworks */,
			);
			sourceTree = "<group>";
		};
		E6892EE625CE7E34001954D2 /* Products */ = {
			isa = PBXGroup;
			children = (
				E6892EE525CE7E34001954D2 /* Flixter.app */,
				E6892EFB25CE7E36001954D2 /* FlixterTests.xctest */,
				E6892F0625CE7E37001954D2 /* FlixterUITests.xctest */,
			);
			name = Products;
			sourceTree = "<group>";
		};
		E6892EE725CE7E34001954D2 /* Flixter */ = {
			isa = PBXGroup;
			children = (
				E6892EE825CE7E34001954D2 /* AppDelegate.swift */,
				E6892EEA25CE7E34001954D2 /* SceneDelegate.swift */,
				E6892EEE25CE7E34001954D2 /* Main.storyboard */,
				E6892EF125CE7E36001954D2 /* Assets.xcassets */,
				E6892EF325CE7E36001954D2 /* LaunchScreen.storyboard */,
				E6892EF625CE7E36001954D2 /* Info.plist */,
				E6892F1B25CF6019001954D2 /* MoviesViewController.swift */,
				E6892F2325CF7D82001954D2 /* MovieCell.swift */,
				E625946825E3060900508D4D /* MovieDetailsViewController.swift */,
				E625946D25E34E2900508D4D /* MovieGridViewController.swift */,
				E625947225E353B300508D4D /* MovieGridCell.swift */,
			);
			path = Flixter;
			sourceTree = "<group>";
		};
		E6892EFE25CE7E36001954D2 /* FlixterTests */ = {
			isa = PBXGroup;
			children = (
				E6892EFF25CE7E36001954D2 /* FlixterTests.swift */,
				E6892F0125CE7E36001954D2 /* Info.plist */,
			);
			path = FlixterTests;
			sourceTree = "<group>";
		};
		E6892F0925CE7E37001954D2 /* FlixterUITests */ = {
			isa = PBXGroup;
			children = (
				E6892F0A25CE7E37001954D2 /* FlixterUITests.swift */,
				E6892F0C25CE7E37001954D2 /* Info.plist */,
			);
			path = FlixterUITests;
			sourceTree = "<group>";
		};
/* End PBXGroup section */

/* Begin PBXNativeTarget section */
		E6892EE425CE7E34001954D2 /* Flixter */ = {
			isa = PBXNativeTarget;
			buildConfigurationList = E6892F0F25CE7E37001954D2 /* Build configuration list for PBXNativeTarget "Flixter" */;
			buildPhases = (
				FD73ADB79EBA0B1600069FED /* [CP] Check Pods Manifest.lock */,
				E6892EE125CE7E34001954D2 /* Sources */,
				E6892EE225CE7E34001954D2 /* Frameworks */,
				E6892EE325CE7E34001954D2 /* Resources */,
				E4E482739C468F51690170F1 /* [CP] Embed Pods Frameworks */,
			);
			buildRules = (
			);
			dependencies = (
			);
			name = Flixter;
			productName = Flixter;
			productReference = E6892EE525CE7E34001954D2 /* Flixter.app */;
			productType = "com.apple.product-type.application";
		};
		E6892EFA25CE7E36001954D2 /* FlixterTests */ = {
			isa = PBXNativeTarget;
			buildConfigurationList = E6892F1225CE7E37001954D2 /* Build configuration list for PBXNativeTarget "FlixterTests" */;
			buildPhases = (
				86BA9198CE0D6F63A4F1BE05 /* [CP] Check Pods Manifest.lock */,
				E6892EF725CE7E36001954D2 /* Sources */,
				E6892EF825CE7E36001954D2 /* Frameworks */,
				E6892EF925CE7E36001954D2 /* Resources */,
			);
			buildRules = (
			);
			dependencies = (
				E6892EFD25CE7E36001954D2 /* PBXTargetDependency */,
			);
			name = FlixterTests;
			productName = FlixterTests;
			productReference = E6892EFB25CE7E36001954D2 /* FlixterTests.xctest */;
			productType = "com.apple.product-type.bundle.unit-test";
		};
		E6892F0525CE7E37001954D2 /* FlixterUITests */ = {
			isa = PBXNativeTarget;
			buildConfigurationList = E6892F1525CE7E37001954D2 /* Build configuration list for PBXNativeTarget "FlixterUITests" */;
			buildPhases = (
				CF2674F9E1C0D2CA83D103D3 /* [CP] Check Pods Manifest.lock */,
				E6892F0225CE7E37001954D2 /* Sources */,
				E6892F0325CE7E37001954D2 /* Frameworks */,
				E6892F0425CE7E37001954D2 /* Resources */,
				AD07DF7ED2EE0FA083C3384B /* [CP] Embed Pods Frameworks */,
			);
			buildRules = (
			);
			dependencies = (
				E6892F0825CE7E37001954D2 /* PBXTargetDependency */,
			);
			name = FlixterUITests;
			productName = FlixterUITests;
			productReference = E6892F0625CE7E37001954D2 /* FlixterUITests.xctest */;
			productType = "com.apple.product-type.bundle.ui-testing";
		};
/* End PBXNativeTarget section */

/* Begin PBXProject section */
		E6892EDD25CE7E34001954D2 /* Project object */ = {
			isa = PBXProject;
			attributes = {
				LastSwiftUpdateCheck = 1240;
				LastUpgradeCheck = 1240;
				TargetAttributes = {
					E6892EE425CE7E34001954D2 = {
						CreatedOnToolsVersion = 12.4;
					};
					E6892EFA25CE7E36001954D2 = {
						CreatedOnToolsVersion = 12.4;
						TestTargetID = E6892EE425CE7E34001954D2;
					};
					E6892F0525CE7E37001954D2 = {
						CreatedOnToolsVersion = 12.4;
						TestTargetID = E6892EE425CE7E34001954D2;
					};
				};
			};
			buildConfigurationList = E6892EE025CE7E34001954D2 /* Build configuration list for PBXProject "Flixter" */;
			compatibilityVersion = "Xcode 9.3";
			developmentRegion = en;
			hasScannedForEncodings = 0;
			knownRegions = (
				en,
				Base,
			);
			mainGroup = E6892EDC25CE7E34001954D2;
			productRefGroup = E6892EE625CE7E34001954D2 /* Products */;
			projectDirPath = "";
			projectRoot = "";
			targets = (
				E6892EE425CE7E34001954D2 /* Flixter */,
				E6892EFA25CE7E36001954D2 /* FlixterTests */,
				E6892F0525CE7E37001954D2 /* FlixterUITests */,
			);
		};
/* End PBXProject section */

/* Begin PBXResourcesBuildPhase section */
		E6892EE325CE7E34001954D2 /* Resources */ = {
			isa = PBXResourcesBuildPhase;
			buildActionMask = 2147483647;
			files = (
				E6892EF525CE7E36001954D2 /* LaunchScreen.storyboard in Resources */,
				E6892EF225CE7E36001954D2 /* Assets.xcassets in Resources */,
				E6892EF025CE7E34001954D2 /* Main.storyboard in Resources */,
			);
			runOnlyForDeploymentPostprocessing = 0;
		};
		E6892EF925CE7E36001954D2 /* Resources */ = {
			isa = PBXResourcesBuildPhase;
			buildActionMask = 2147483647;
			files = (
			);
			runOnlyForDeploymentPostprocessing = 0;
		};
		E6892F0425CE7E37001954D2 /* Resources */ = {
			isa = PBXResourcesBuildPhase;
			buildActionMask = 2147483647;
			files = (
			);
			runOnlyForDeploymentPostprocessing = 0;
		};
/* End PBXResourcesBuildPhase section */

/* Begin PBXShellScriptBuildPhase section */
		86BA9198CE0D6F63A4F1BE05 /* [CP] Check Pods Manifest.lock */ = {
			isa = PBXShellScriptBuildPhase;
			buildActionMask = 2147483647;
			files = (
			);
			inputFileListPaths = (
			);
			inputPaths = (
				"${PODS_PODFILE_DIR_PATH}/Podfile.lock",
				"${PODS_ROOT}/Manifest.lock",
			);
			name = "[CP] Check Pods Manifest.lock";
			outputFileListPaths = (
			);
			outputPaths = (
				"$(DERIVED_FILE_DIR)/Pods-FlixterTests-checkManifestLockResult.txt",
			);
			runOnlyForDeploymentPostprocessing = 0;
			shellPath = /bin/sh;
			shellScript = "diff \"${PODS_PODFILE_DIR_PATH}/Podfile.lock\" \"${PODS_ROOT}/Manifest.lock\" > /dev/null\nif [ $? != 0 ] ; then\n    # print error to STDERR\n    echo \"error: The sandbox is not in sync with the Podfile.lock. Run 'pod install' or update your CocoaPods installation.\" >&2\n    exit 1\nfi\n# This output is used by Xcode 'outputs' to avoid re-running this script phase.\necho \"SUCCESS\" > \"${SCRIPT_OUTPUT_FILE_0}\"\n";
			showEnvVarsInLog = 0;
		};
		AD07DF7ED2EE0FA083C3384B /* [CP] Embed Pods Frameworks */ = {
			isa = PBXShellScriptBuildPhase;
			buildActionMask = 2147483647;
			files = (
			);
			inputFileListPaths = (
				"${PODS_ROOT}/Target Support Files/Pods-Flixter-FlixterUITests/Pods-Flixter-FlixterUITests-frameworks-${CONFIGURATION}-input-files.xcfilelist",
			);
			name = "[CP] Embed Pods Frameworks";
			outputFileListPaths = (
				"${PODS_ROOT}/Target Support Files/Pods-Flixter-FlixterUITests/Pods-Flixter-FlixterUITests-frameworks-${CONFIGURATION}-output-files.xcfilelist",
			);
			runOnlyForDeploymentPostprocessing = 0;
			shellPath = /bin/sh;
			shellScript = "\"${PODS_ROOT}/Target Support Files/Pods-Flixter-FlixterUITests/Pods-Flixter-FlixterUITests-frameworks.sh\"\n";
			showEnvVarsInLog = 0;
		};
		CF2674F9E1C0D2CA83D103D3 /* [CP] Check Pods Manifest.lock */ = {
			isa = PBXShellScriptBuildPhase;
			buildActionMask = 2147483647;
			files = (
			);
			inputFileListPaths = (
			);
			inputPaths = (
				"${PODS_PODFILE_DIR_PATH}/Podfile.lock",
				"${PODS_ROOT}/Manifest.lock",
			);
			name = "[CP] Check Pods Manifest.lock";
			outputFileListPaths = (
			);
			outputPaths = (
				"$(DERIVED_FILE_DIR)/Pods-Flixter-FlixterUITests-checkManifestLockResult.txt",
			);
			runOnlyForDeploymentPostprocessing = 0;
			shellPath = /bin/sh;
			shellScript = "diff \"${PODS_PODFILE_DIR_PATH}/Podfile.lock\" \"${PODS_ROOT}/Manifest.lock\" > /dev/null\nif [ $? != 0 ] ; then\n    # print error to STDERR\n    echo \"error: The sandbox is not in sync with the Podfile.lock. Run 'pod install' or update your CocoaPods installation.\" >&2\n    exit 1\nfi\n# This output is used by Xcode 'outputs' to avoid re-running this script phase.\necho \"SUCCESS\" > \"${SCRIPT_OUTPUT_FILE_0}\"\n";
			showEnvVarsInLog = 0;
		};
		E4E482739C468F51690170F1 /* [CP] Embed Pods Frameworks */ = {
			isa = PBXShellScriptBuildPhase;
			buildActionMask = 2147483647;
			files = (
			);
			inputFileListPaths = (
				"${PODS_ROOT}/Target Support Files/Pods-Flixter/Pods-Flixter-frameworks-${CONFIGURATION}-input-files.xcfilelist",
			);
			name = "[CP] Embed Pods Frameworks";
			outputFileListPaths = (
				"${PODS_ROOT}/Target Support Files/Pods-Flixter/Pods-Flixter-frameworks-${CONFIGURATION}-output-files.xcfilelist",
			);
			runOnlyForDeploymentPostprocessing = 0;
			shellPath = /bin/sh;
			shellScript = "\"${PODS_ROOT}/Target Support Files/Pods-Flixter/Pods-Flixter-frameworks.sh\"\n";
			showEnvVarsInLog = 0;
		};
		FD73ADB79EBA0B1600069FED /* [CP] Check Pods Manifest.lock */ = {
			isa = PBXShellScriptBuildPhase;
			buildActionMask = 2147483647;
			files = (
			);
			inputFileListPaths = (
			);
			inputPaths = (
				"${PODS_PODFILE_DIR_PATH}/Podfile.lock",
				"${PODS_ROOT}/Manifest.lock",
			);
			name = "[CP] Check Pods Manifest.lock";
			outputFileListPaths = (
			);
			outputPaths = (
				"$(DERIVED_FILE_DIR)/Pods-Flixter-checkManifestLockResult.txt",
			);
			runOnlyForDeploymentPostprocessing = 0;
			shellPath = /bin/sh;
			shellScript = "diff \"${PODS_PODFILE_DIR_PATH}/Podfile.lock\" \"${PODS_ROOT}/Manifest.lock\" > /dev/null\nif [ $? != 0 ] ; then\n    # print error to STDERR\n    echo \"error: The sandbox is not in sync with the Podfile.lock. Run 'pod install' or update your CocoaPods installation.\" >&2\n    exit 1\nfi\n# This output is used by Xcode 'outputs' to avoid re-running this script phase.\necho \"SUCCESS\" > \"${SCRIPT_OUTPUT_FILE_0}\"\n";
			showEnvVarsInLog = 0;
		};
/* End PBXShellScriptBuildPhase section */

/* Begin PBXSourcesBuildPhase section */
		E6892EE125CE7E34001954D2 /* Sources */ = {
			isa = PBXSourcesBuildPhase;
			buildActionMask = 2147483647;
			files = (
				E625946925E3060900508D4D /* MovieDetailsViewController.swift in Sources */,
				E6892EE925CE7E34001954D2 /* AppDelegate.swift in Sources */,
				E6892EEB25CE7E34001954D2 /* SceneDelegate.swift in Sources */,
				E6892F2425CF7D82001954D2 /* MovieCell.swift in Sources */,
				E6892F1C25CF6019001954D2 /* MoviesViewController.swift in Sources */,
				E625946E25E34E2900508D4D /* MovieGridViewController.swift in Sources */,
				E625947325E353B300508D4D /* MovieGridCell.swift in Sources */,
			);
			runOnlyForDeploymentPostprocessing = 0;
		};
		E6892EF725CE7E36001954D2 /* Sources */ = {
			isa = PBXSourcesBuildPhase;
			buildActionMask = 2147483647;
			files = (
				E6892F0025CE7E36001954D2 /* FlixterTests.swift in Sources */,
			);
			runOnlyForDeploymentPostprocessing = 0;
		};
		E6892F0225CE7E37001954D2 /* Sources */ = {
			isa = PBXSourcesBuildPhase;
			buildActionMask = 2147483647;
			files = (
				E6892F0B25CE7E37001954D2 /* FlixterUITests.swift in Sources */,
			);
			runOnlyForDeploymentPostprocessing = 0;
		};
/* End PBXSourcesBuildPhase section */

/* Begin PBXTargetDependency section */
		E6892EFD25CE7E36001954D2 /* PBXTargetDependency */ = {
			isa = PBXTargetDependency;
			target = E6892EE425CE7E34001954D2 /* Flixter */;
			targetProxy = E6892EFC25CE7E36001954D2 /* PBXContainerItemProxy */;
		};
		E6892F0825CE7E37001954D2 /* PBXTargetDependency */ = {
			isa = PBXTargetDependency;
			target = E6892EE425CE7E34001954D2 /* Flixter */;
			targetProxy = E6892F0725CE7E37001954D2 /* PBXContainerItemProxy */;
		};
/* End PBXTargetDependency section */

/* Begin PBXVariantGroup section */
		E6892EEE25CE7E34001954D2 /* Main.storyboard */ = {
			isa = PBXVariantGroup;
			children = (
				E6892EEF25CE7E34001954D2 /* Base */,
			);
			name = Main.storyboard;
			sourceTree = "<group>";
		};
		E6892EF325CE7E36001954D2 /* LaunchScreen.storyboard */ = {
			isa = PBXVariantGroup;
			children = (
				E6892EF425CE7E36001954D2 /* Base */,
			);
			name = LaunchScreen.storyboard;
			sourceTree = "<group>";
		};
/* End PBXVariantGroup section */

/* Begin XCBuildConfiguration section */
		E6892F0D25CE7E37001954D2 /* Debug */ = {
			isa = XCBuildConfiguration;
			buildSettings = {
				ALWAYS_SEARCH_USER_PATHS = NO;
				CLANG_ANALYZER_NONNULL = YES;
				CLANG_ANALYZER_NUMBER_OBJECT_CONVERSION = YES_AGGRESSIVE;
				CLANG_CXX_LANGUAGE_STANDARD = "gnu++14";
				CLANG_CXX_LIBRARY = "libc++";
				CLANG_ENABLE_MODULES = YES;
				CLANG_ENABLE_OBJC_ARC = YES;
				CLANG_ENABLE_OBJC_WEAK = YES;
				CLANG_WARN_BLOCK_CAPTURE_AUTORELEASING = YES;
				CLANG_WARN_BOOL_CONVERSION = YES;
				CLANG_WARN_COMMA = YES;
				CLANG_WARN_CONSTANT_CONVERSION = YES;
				CLANG_WARN_DEPRECATED_OBJC_IMPLEMENTATIONS = YES;
				CLANG_WARN_DIRECT_OBJC_ISA_USAGE = YES_ERROR;
				CLANG_WARN_DOCUMENTATION_COMMENTS = YES;
				CLANG_WARN_EMPTY_BODY = YES;
				CLANG_WARN_ENUM_CONVERSION = YES;
				CLANG_WARN_INFINITE_RECURSION = YES;
				CLANG_WARN_INT_CONVERSION = YES;
				CLANG_WARN_NON_LITERAL_NULL_CONVERSION = YES;
				CLANG_WARN_OBJC_IMPLICIT_RETAIN_SELF = YES;
				CLANG_WARN_OBJC_LITERAL_CONVERSION = YES;
				CLANG_WARN_OBJC_ROOT_CLASS = YES_ERROR;
				CLANG_WARN_QUOTED_INCLUDE_IN_FRAMEWORK_HEADER = YES;
				CLANG_WARN_RANGE_LOOP_ANALYSIS = YES;
				CLANG_WARN_STRICT_PROTOTYPES = YES;
				CLANG_WARN_SUSPICIOUS_MOVE = YES;
				CLANG_WARN_UNGUARDED_AVAILABILITY = YES_AGGRESSIVE;
				CLANG_WARN_UNREACHABLE_CODE = YES;
				CLANG_WARN__DUPLICATE_METHOD_MATCH = YES;
				COPY_PHASE_STRIP = NO;
				DEBUG_INFORMATION_FORMAT = dwarf;
				ENABLE_STRICT_OBJC_MSGSEND = YES;
				ENABLE_TESTABILITY = YES;
				GCC_C_LANGUAGE_STANDARD = gnu11;
				GCC_DYNAMIC_NO_PIC = NO;
				GCC_NO_COMMON_BLOCKS = YES;
				GCC_OPTIMIZATION_LEVEL = 0;
				GCC_PREPROCESSOR_DEFINITIONS = (
					"DEBUG=1",
					"$(inherited)",
				);
				GCC_WARN_64_TO_32_BIT_CONVERSION = YES;
				GCC_WARN_ABOUT_RETURN_TYPE = YES_ERROR;
				GCC_WARN_UNDECLARED_SELECTOR = YES;
				GCC_WARN_UNINITIALIZED_AUTOS = YES_AGGRESSIVE;
				GCC_WARN_UNUSED_FUNCTION = YES;
				GCC_WARN_UNUSED_VARIABLE = YES;
				IPHONEOS_DEPLOYMENT_TARGET = 14.4;
				MTL_ENABLE_DEBUG_INFO = INCLUDE_SOURCE;
				MTL_FAST_MATH = YES;
				ONLY_ACTIVE_ARCH = YES;
				SDKROOT = iphoneos;
				SWIFT_ACTIVE_COMPILATION_CONDITIONS = DEBUG;
				SWIFT_OPTIMIZATION_LEVEL = "-Onone";
			};
			name = Debug;
		};
		E6892F0E25CE7E37001954D2 /* Release */ = {
			isa = XCBuildConfiguration;
			buildSettings = {
				ALWAYS_SEARCH_USER_PATHS = NO;
				CLANG_ANALYZER_NONNULL = YES;
				CLANG_ANALYZER_NUMBER_OBJECT_CONVERSION = YES_AGGRESSIVE;
				CLANG_CXX_LANGUAGE_STANDARD = "gnu++14";
				CLANG_CXX_LIBRARY = "libc++";
				CLANG_ENABLE_MODULES = YES;
				CLANG_ENABLE_OBJC_ARC = YES;
				CLANG_ENABLE_OBJC_WEAK = YES;
				CLANG_WARN_BLOCK_CAPTURE_AUTORELEASING = YES;
				CLANG_WARN_BOOL_CONVERSION = YES;
				CLANG_WARN_COMMA = YES;
				CLANG_WARN_CONSTANT_CONVERSION = YES;
				CLANG_WARN_DEPRECATED_OBJC_IMPLEMENTATIONS = YES;
				CLANG_WARN_DIRECT_OBJC_ISA_USAGE = YES_ERROR;
				CLANG_WARN_DOCUMENTATION_COMMENTS = YES;
				CLANG_WARN_EMPTY_BODY = YES;
				CLANG_WARN_ENUM_CONVERSION = YES;
				CLANG_WARN_INFINITE_RECURSION = YES;
				CLANG_WARN_INT_CONVERSION = YES;
				CLANG_WARN_NON_LITERAL_NULL_CONVERSION = YES;
				CLANG_WARN_OBJC_IMPLICIT_RETAIN_SELF = YES;
				CLANG_WARN_OBJC_LITERAL_CONVERSION = YES;
				CLANG_WARN_OBJC_ROOT_CLASS = YES_ERROR;
				CLANG_WARN_QUOTED_INCLUDE_IN_FRAMEWORK_HEADER = YES;
				CLANG_WARN_RANGE_LOOP_ANALYSIS = YES;
				CLANG_WARN_STRICT_PROTOTYPES = YES;
				CLANG_WARN_SUSPICIOUS_MOVE = YES;
				CLANG_WARN_UNGUARDED_AVAILABILITY = YES_AGGRESSIVE;
				CLANG_WARN_UNREACHABLE_CODE = YES;
				CLANG_WARN__DUPLICATE_METHOD_MATCH = YES;
				COPY_PHASE_STRIP = NO;
				DEBUG_INFORMATION_FORMAT = "dwarf-with-dsym";
				ENABLE_NS_ASSERTIONS = NO;
				ENABLE_STRICT_OBJC_MSGSEND = YES;
				GCC_C_LANGUAGE_STANDARD = gnu11;
				GCC_NO_COMMON_BLOCKS = YES;
				GCC_WARN_64_TO_32_BIT_CONVERSION = YES;
				GCC_WARN_ABOUT_RETURN_TYPE = YES_ERROR;
				GCC_WARN_UNDECLARED_SELECTOR = YES;
				GCC_WARN_UNINITIALIZED_AUTOS = YES_AGGRESSIVE;
				GCC_WARN_UNUSED_FUNCTION = YES;
				GCC_WARN_UNUSED_VARIABLE = YES;
				IPHONEOS_DEPLOYMENT_TARGET = 14.4;
				MTL_ENABLE_DEBUG_INFO = NO;
				MTL_FAST_MATH = YES;
				SDKROOT = iphoneos;
				SWIFT_COMPILATION_MODE = wholemodule;
				SWIFT_OPTIMIZATION_LEVEL = "-O";
				VALIDATE_PRODUCT = YES;
			};
			name = Release;
		};
		E6892F1025CE7E37001954D2 /* Debug */ = {
			isa = XCBuildConfiguration;
			baseConfigurationReference = 155BF973B3A68276740CA076 /* Pods-Flixter.debug.xcconfig */;
			buildSettings = {
				ASSETCATALOG_COMPILER_APPICON_NAME = AppIcon;
				ASSETCATALOG_COMPILER_GLOBAL_ACCENT_COLOR_NAME = AccentColor;
				CODE_SIGN_STYLE = Automatic;
				INFOPLIST_FILE = Flixter/Info.plist;
				LD_RUNPATH_SEARCH_PATHS = (
					"$(inherited)",
					"@executable_path/Frameworks",
				);
				PRODUCT_BUNDLE_IDENTIFIER = winnieyang.Flixter;
				PRODUCT_NAME = "$(TARGET_NAME)";
				SWIFT_VERSION = 5.0;
				TARGETED_DEVICE_FAMILY = "1,2";
			};
			name = Debug;
		};
		E6892F1125CE7E37001954D2 /* Release */ = {
			isa = XCBuildConfiguration;
			baseConfigurationReference = ACD32462D8336F8DBFFA80DF /* Pods-Flixter.release.xcconfig */;
			buildSettings = {
				ASSETCATALOG_COMPILER_APPICON_NAME = AppIcon;
				ASSETCATALOG_COMPILER_GLOBAL_ACCENT_COLOR_NAME = AccentColor;
				CODE_SIGN_STYLE = Automatic;
				INFOPLIST_FILE = Flixter/Info.plist;
				LD_RUNPATH_SEARCH_PATHS = (
					"$(inherited)",
					"@executable_path/Frameworks",
				);
				PRODUCT_BUNDLE_IDENTIFIER = winnieyang.Flixter;
				PRODUCT_NAME = "$(TARGET_NAME)";
				SWIFT_VERSION = 5.0;
				TARGETED_DEVICE_FAMILY = "1,2";
			};
			name = Release;
		};
		E6892F1325CE7E37001954D2 /* Debug */ = {
			isa = XCBuildConfiguration;
			baseConfigurationReference = 6C6D31FD1ADC70D8801CA00A /* Pods-FlixterTests.debug.xcconfig */;
			buildSettings = {
				ALWAYS_EMBED_SWIFT_STANDARD_LIBRARIES = YES;
				BUNDLE_LOADER = "$(TEST_HOST)";
				CODE_SIGN_STYLE = Automatic;
				INFOPLIST_FILE = FlixterTests/Info.plist;
				IPHONEOS_DEPLOYMENT_TARGET = 14.4;
				LD_RUNPATH_SEARCH_PATHS = (
					"$(inherited)",
					"@executable_path/Frameworks",
					"@loader_path/Frameworks",
				);
				PRODUCT_BUNDLE_IDENTIFIER = winnieyang.FlixterTests;
				PRODUCT_NAME = "$(TARGET_NAME)";
				SWIFT_VERSION = 5.0;
				TARGETED_DEVICE_FAMILY = "1,2";
				TEST_HOST = "$(BUILT_PRODUCTS_DIR)/Flixter.app/Flixter";
			};
			name = Debug;
		};
		E6892F1425CE7E37001954D2 /* Release */ = {
			isa = XCBuildConfiguration;
			baseConfigurationReference = B43800A3FD154F7264319D0B /* Pods-FlixterTests.release.xcconfig */;
			buildSettings = {
				ALWAYS_EMBED_SWIFT_STANDARD_LIBRARIES = YES;
				BUNDLE_LOADER = "$(TEST_HOST)";
				CODE_SIGN_STYLE = Automatic;
				INFOPLIST_FILE = FlixterTests/Info.plist;
				IPHONEOS_DEPLOYMENT_TARGET = 14.4;
				LD_RUNPATH_SEARCH_PATHS = (
					"$(inherited)",
					"@executable_path/Frameworks",
					"@loader_path/Frameworks",
				);
				PRODUCT_BUNDLE_IDENTIFIER = winnieyang.FlixterTests;
				PRODUCT_NAME = "$(TARGET_NAME)";
				SWIFT_VERSION = 5.0;
				TARGETED_DEVICE_FAMILY = "1,2";
				TEST_HOST = "$(BUILT_PRODUCTS_DIR)/Flixter.app/Flixter";
			};
			name = Release;
		};
		E6892F1625CE7E37001954D2 /* Debug */ = {
			isa = XCBuildConfiguration;
			baseConfigurationReference = 444F1C2D0AA96AE8D30F225A /* Pods-Flixter-FlixterUITests.debug.xcconfig */;
			buildSettings = {
				ALWAYS_EMBED_SWIFT_STANDARD_LIBRARIES = YES;
				CODE_SIGN_STYLE = Automatic;
				INFOPLIST_FILE = FlixterUITests/Info.plist;
				LD_RUNPATH_SEARCH_PATHS = (
					"$(inherited)",
					"@executable_path/Frameworks",
					"@loader_path/Frameworks",
				);
				PRODUCT_BUNDLE_IDENTIFIER = winnieyang.FlixterUITests;
				PRODUCT_NAME = "$(TARGET_NAME)";
				SWIFT_VERSION = 5.0;
				TARGETED_DEVICE_FAMILY = "1,2";
				TEST_TARGET_NAME = Flixter;
			};
			name = Debug;
		};
		E6892F1725CE7E37001954D2 /* Release */ = {
			isa = XCBuildConfiguration;
			baseConfigurationReference = DF69116466CA0D2C19948FD1 /* Pods-Flixter-FlixterUITests.release.xcconfig */;
			buildSettings = {
				ALWAYS_EMBED_SWIFT_STANDARD_LIBRARIES = YES;
				CODE_SIGN_STYLE = Automatic;
				INFOPLIST_FILE = FlixterUITests/Info.plist;
				LD_RUNPATH_SEARCH_PATHS = (
					"$(inherited)",
					"@executable_path/Frameworks",
					"@loader_path/Frameworks",
				);
				PRODUCT_BUNDLE_IDENTIFIER = winnieyang.FlixterUITests;
				PRODUCT_NAME = "$(TARGET_NAME)";
				SWIFT_VERSION = 5.0;
				TARGETED_DEVICE_FAMILY = "1,2";
				TEST_TARGET_NAME = Flixter;
			};
			name = Release;
		};
/* End XCBuildConfiguration section */

/* Begin XCConfigurationList section */
		E6892EE025CE7E34001954D2 /* Build configuration list for PBXProject "Flixter" */ = {
			isa = XCConfigurationList;
			buildConfigurations = (
				E6892F0D25CE7E37001954D2 /* Debug */,
				E6892F0E25CE7E37001954D2 /* Release */,
			);
			defaultConfigurationIsVisible = 0;
			defaultConfigurationName = Release;
		};
		E6892F0F25CE7E37001954D2 /* Build configuration list for PBXNativeTarget "Flixter" */ = {
			isa = XCConfigurationList;
			buildConfigurations = (
				E6892F1025CE7E37001954D2 /* Debug */,
				E6892F1125CE7E37001954D2 /* Release */,
			);
			defaultConfigurationIsVisible = 0;
			defaultConfigurationName = Release;
		};
		E6892F1225CE7E37001954D2 /* Build configuration list for PBXNativeTarget "FlixterTests" */ = {
			isa = XCConfigurationList;
			buildConfigurations = (
				E6892F1325CE7E37001954D2 /* Debug */,
				E6892F1425CE7E37001954D2 /* Release */,
			);
			defaultConfigurationIsVisible = 0;
			defaultConfigurationName = Release;
		};
		E6892F1525CE7E37001954D2 /* Build configuration list for PBXNativeTarget "FlixterUITests" */ = {
			isa = XCConfigurationList;
			buildConfigurations = (
				E6892F1625CE7E37001954D2 /* Debug */,
				E6892F1725CE7E37001954D2 /* Release */,
			);
			defaultConfigurationIsVisible = 0;
			defaultConfigurationName = Release;
		};
/* End XCConfigurationList section */
	};
	rootObject = E6892EDD25CE7E34001954D2 /* Project object */;
}
